Microsoft Visual Studio Solution File, Format Version 12.00
# Visual Studio Version 16
VisualStudioVersion = 16.0.0.0
MinimumVisualStudioVersion = 16.0.0.0
Project("{9A19103F-16F7-4668-BE54-9A1E7A4F7556}") = "FarmaciaJH.Server", "Server\FarmaciaJH.Server.csproj", "{BBAADFB8-9802-4670-808B-816658265359}"
EndProject
Project("{9A19103F-16F7-4668-BE54-9A1E7A4F7556}") = "FarmaciaJH.Client", "Client\FarmaciaJH.Client.csproj", "{9DA1C7A0-EAA9-48C3-BD86-2DE5C6670670}"
EndProject
Project("{9A19103F-16F7-4668-BE54-9A1E7A4F7556}") = "FarmaciaJH.Shared", "Shared\FarmaciaJH.Shared.csproj", "{C0BF5B0C-B56A-481D-B787-15CEB3A859AD}"
EndProject
Global
	GlobalSection(SolutionConfigurationPlatforms) = preSolution
		Debug|Any CPU = Debug|Any CPU
		Debug|x64 = Debug|x64
		Debug|x86 = Debug|x86
		Release|Any CPU = Release|Any CPU
		Release|x64 = Release|x64
		Release|x86 = Release|x86
	EndGlobalSection
	GlobalSection(ProjectConfigurationPlatforms) = postSolution
		{9DA1C7A0-EAA9-48C3-BD86-2DE5C6670670}.Debug|Any CPU.ActiveCfg = Debug|Any CPU
		{9DA1C7A0-EAA9-48C3-BD86-2DE5C6670670}.Debug|Any CPU.Build.0 = Debug|Any CPU
		{9DA1C7A0-EAA9-48C3-BD86-2DE5C6670670}.Debug|x64.ActiveCfg = Debug|Any CPU
		{9DA1C7A0-EAA9-48C3-BD86-2DE5C6670670}.Debug|x64.Build.0 = Debug|Any CPU
		{9DA1C7A0-EAA9-48C3-BD86-2DE5C6670670}.Debug|x86.ActiveCfg = Debug|Any CPU
		{9DA1C7A0-EAA9-48C3-BD86-2DE5C6670670}.Debug|x86.Build.0 = Debug|Any CPU
		{9DA1C7A0-EAA9-48C3-BD86-2DE5C6670670}.Release|Any CPU.ActiveCfg = Release|Any CPU
		{9DA1C7A0-EAA9-48C3-BD86-2DE5C6670670}.Release|Any CPU.Build.0 = Release|Any CPU
		{9DA1C7A0-EAA9-48C3-BD86-2DE5C6670670}.Release|x64.ActiveCfg = Release|Any CPU
		{9DA1C7A0-EAA9-48C3-BD86-2DE5C6670670}.Release|x64.Build.0 = Release|Any CPU
		{9DA1C7A0-EAA9-48C3-BD86-2DE5C6670670}.Release|x86.ActiveCfg = Release|Any CPU
		{9DA1C7A0-EAA9-48C3-BD86-2DE5C6670670}.Release|x86.Build.0 = Release|Any CPU
		{BBAADFB8-9802-4670-808B-816658265359}.Debug|Any CPU.ActiveCfg = Debug|Any CPU
		{BBAADFB8-9802-4670-808B-816658265359}.Debug|Any CPU.Build.0 = Debug|Any CPU
		{BBAADFB8-9802-4670-808B-816658265359}.Debug|x64.ActiveCfg = Debug|Any CPU
		{BBAADFB8-9802-4670-808B-816658265359}.Debug|x64.Build.0 = Debug|Any CPU
		{BBAADFB8-9802-4670-808B-816658265359}.Debug|x86.ActiveCfg = Debug|Any CPU
		{BBAADFB8-9802-4670-808B-816658265359}.Debug|x86.Build.0 = Debug|Any CPU
		{BBAADFB8-9802-4670-808B-816658265359}.Release|Any CPU.ActiveCfg = Release|Any CPU
		{BBAADFB8-9802-4670-808B-816658265359}.Release|Any CPU.Build.0 = Release|Any CPU
		{BBAADFB8-9802-4670-808B-816658265359}.Release|x64.ActiveCfg = Release|Any CPU
		{BBAADFB8-9802-4670-808B-816658265359}.Release|x64.Build.0 = Release|Any CPU
		{BBAADFB8-9802-4670-808B-816658265359}.Release|x86.ActiveCfg = Release|Any CPU
		{BBAADFB8-9802-4670-808B-816658265359}.Release|x86.Build.0 = Release|Any CPU
		{C0BF5B0C-B56A-481D-B787-15CEB3A859AD}.Debug|Any CPU.ActiveCfg = Debug|Any CPU
		{C0BF5B0C-B56A-481D-B787-15CEB3A859AD}.Debug|Any CPU.Build.0 = Debug|Any CPU
		{C0BF5B0C-B56A-481D-B787-15CEB3A859AD}.Debug|x64.ActiveCfg = Debug|Any CPU
		{C0BF5B0C-B56A-481D-B787-15CEB3A859AD}.Debug|x64.Build.0 = Debug|Any CPU
		{C0BF5B0C-B56A-481D-B787-15CEB3A859AD}.Debug|x86.ActiveCfg = Debug|Any CPU
		{C0BF5B0C-B56A-481D-B787-15CEB3A859AD}.Debug|x86.Build.0 = Debug|Any CPU
		{C0BF5B0C-B56A-481D-B787-15CEB3A859AD}.Release|Any CPU.ActiveCfg = Release|Any CPU
		{C0BF5B0C-B56A-481D-B787-15CEB3A859AD}.Release|Any CPU.Build.0 = Release|Any CPU
		{C0BF5B0C-B56A-481D-B787-15CEB3A859AD}.Release|x64.ActiveCfg = Release|Any CPU
		{C0BF5B0C-B56A-481D-B787-15CEB3A859AD}.Release|x64.Build.0 = Release|Any CPU
		{C0BF5B0C-B56A-481D-B787-15CEB3A859AD}.Release|x86.ActiveCfg = Release|Any CPU
		{C0BF5B0C-B56A-481D-B787-15CEB3A859AD}.Release|x86.Build.0 = Release|Any CPU
	EndGlobalSection
	GlobalSection(SolutionProperties) = preSolution
		HideSolutionNode = FALSE
	EndGlobalSection
	GlobalSection(ExtensibilityGlobals) = postSolution
		SolutionGuid = {1A5AE824-86F5-4A24-AFE5-3E21BE451BB7}
	EndGlobalSection
EndGlobal